// !$*UTF8*$!
{
	archiveVersion = 1;
	classes = {
	};
	objectVersion = 77;
	objects = {

/* Begin PBXBuildFile section */
		168B6E842ECB4682003A1B60 /* IOKit.framework in Frameworks */ = {isa = PBXBuildFile; fileRef = 168B6E832ECB4682003A1B60 /* IOKit.framework */; };
		168B6E862ECB468E003A1B60 /* Security.framework in Frameworks */ = {isa = PBXBuildFile; fileRef = 168B6E852ECB468E003A1B60 /* Security.framework */; };
		168B6E882ECB46A0003A1B60 /* ServiceManagement.framework in Frameworks */ = {isa = PBXBuildFile; fileRef = 168B6E872ECB46A0003A1B60 /* ServiceManagement.framework */; };
		168B6E892ECB4714003A1B60 /* ServiceManagement.framework in Frameworks */ = {isa = PBXBuildFile; fileRef = 168B6E872ECB46A0003A1B60 /* ServiceManagement.framework */; };
		168B6E8A2ECB471D003A1B60 /* Security.framework in Frameworks */ = {isa = PBXBuildFile; fileRef = 168B6E852ECB468E003A1B60 /* Security.framework */; };
		168B6E8B2ECB4726003A1B60 /* IOKit.framework in Frameworks */ = {isa = PBXBuildFile; fileRef = 168B6E832ECB4682003A1B60 /* IOKit.framework */; };
		168B6E932ECB4DF7003A1B60 /* com.aurawind.AuraWind.SMCHelper in CopyFiles */ = {isa = PBXBuildFile; fileRef = 168B6E732ECB4116003A1B60 /* com.aurawind.AuraWind.SMCHelper */; settings = {ATTRIBUTES = (CodeSignOnCopy, ); }; };
/* End PBXBuildFile section */

/* Begin PBXContainerItemProxy section */
		168B6E902ECB4DAA003A1B60 /* PBXContainerItemProxy */ = {
			isa = PBXContainerItemProxy;
			containerPortal = 168F562B2ECA014200BD0B16 /* Project object */;
			proxyType = 1;
			remoteGlobalIDString = 168B6E722ECB4116003A1B60;
			remoteInfo = SMCHelper;
		};
/* End PBXContainerItemProxy section */

/* Begin PBXCopyFilesBuildPhase section */
		168B6E712ECB4116003A1B60 /* CopyFiles */ = {
			isa = PBXCopyFilesBuildPhase;
			buildActionMask = 2147483647;
			dstPath = Contents/Library/LaunchServices;
			dstSubfolderSpec = 1;
			files = (
			);
			runOnlyForDeploymentPostprocessing = 1;
		};
		168B6E922ECB4DC7003A1B60 /* CopyFiles */ = {
			isa = PBXCopyFilesBuildPhase;
			buildActionMask = 8;
			dstPath = Contents/Library/LaunchServices;
			dstSubfolderSpec = 1;
			files = (
				168B6E932ECB4DF7003A1B60 /* com.aurawind.AuraWind.SMCHelper in CopyFiles */,
			);
			runOnlyForDeploymentPostprocessing = 1;
		};
/* End PBXCopyFilesBuildPhase section */

/* Begin PBXFileReference section */
		168B6E732ECB4116003A1B60 /* com.aurawind.AuraWind.SMCHelper */ = {isa = PBXFileReference; explicitFileType = "compiled.mach-o.executable"; includeInIndex = 0; path = com.aurawind.AuraWind.SMCHelper; sourceTree = BUILT_PRODUCTS_DIR; };
		168B6E832ECB4682003A1B60 /* IOKit.framework */ = {isa = PBXFileReference; lastKnownFileType = wrapper.framework; name = IOKit.framework; path = System/Library/Frameworks/IOKit.framework; sourceTree = SDKROOT; };
		168B6E852ECB468E003A1B60 /* Security.framework */ = {isa = PBXFileReference; lastKnownFileType = wrapper.framework; name = Security.framework; path = System/Library/Frameworks/Security.framework; sourceTree = SDKROOT; };
		168B6E872ECB46A0003A1B60 /* ServiceManagement.framework */ = {isa = PBXFileReference; lastKnownFileType = wrapper.framework; name = ServiceManagement.framework; path = System/Library/Frameworks/ServiceManagement.framework; sourceTree = SDKROOT; };
		168F56332ECA014200BD0B16 /* AuraWind.app */ = {isa = PBXFileReference; explicitFileType = wrapper.application; includeInIndex = 0; path = AuraWind.app; sourceTree = BUILT_PRODUCTS_DIR; };
/* End PBXFileReference section */

/* Begin PBXFileSystemSynchronizedBuildFileExceptionSet section */
		168B6E7D2ECB41C0003A1B60 /* Exceptions for "AuraWind" folder in "SMCHelper" target */ = {
			isa = PBXFileSystemSynchronizedBuildFileExceptionSet;
			membershipExceptions = (
				Models/AuraWindError.swift,
				Services/HelperTool/HelperToolProtocol.swift,
				Services/SMCConnection.swift,
			);
			target = 168B6E722ECB4116003A1B60 /* SMCHelper */;
		};
/* End PBXFileSystemSynchronizedBuildFileExceptionSet section */

/* Begin PBXFileSystemSynchronizedGroupBuildPhaseMembershipExceptionSet section */
		168B6E8F2ECB4955003A1B60 /* Exceptions for "SMCHelper" folder in "Copy Files" phase from "SMCHelper" target */ = {
			isa = PBXFileSystemSynchronizedGroupBuildPhaseMembershipExceptionSet;
			attributesByRelativePath = {
				Launchd.plist = (CodeSignOnCopy, );
			};
			buildPhase = 168B6E712ECB4116003A1B60 /* CopyFiles */;
			membershipExceptions = (
				Launchd.plist,
			);
		};
/* End PBXFileSystemSynchronizedGroupBuildPhaseMembershipExceptionSet section */

/* Begin PBXFileSystemSynchronizedRootGroup section */
		168B6E742ECB4116003A1B60 /* SMCHelper */ = {
			isa = PBXFileSystemSynchronizedRootGroup;
			exceptions = (
				168B6E8F2ECB4955003A1B60 /* Exceptions for "SMCHelper" folder in "Copy Files" phase from "SMCHelper" target */,
			);
			path = SMCHelper;
			sourceTree = "<group>";
		};
		168F56352ECA014200BD0B16 /* AuraWind */ = {
			isa = PBXFileSystemSynchronizedRootGroup;
			exceptions = (
				168B6E7D2ECB41C0003A1B60 /* Exceptions for "AuraWind" folder in "SMCHelper" target */,
			);
			path = AuraWind;
			sourceTree = "<group>";
		};
/* End PBXFileSystemSynchronizedRootGroup section */

/* Begin PBXFrameworksBuildPhase section */
		168B6E702ECB4116003A1B60 /* Frameworks */ = {
			isa = PBXFrameworksBuildPhase;
			buildActionMask = 2147483647;
			files = (
				168B6E882ECB46A0003A1B60 /* ServiceManagement.framework in Frameworks */,
				168B6E862ECB468E003A1B60 /* Security.framework in Frameworks */,
				168B6E842ECB4682003A1B60 /* IOKit.framework in Frameworks */,
			);
			runOnlyForDeploymentPostprocessing = 0;
		};
		168F56302ECA014200BD0B16 /* Frameworks */ = {
			isa = PBXFrameworksBuildPhase;
			buildActionMask = 2147483647;
			files = (
				168B6E8B2ECB4726003A1B60 /* IOKit.framework in Frameworks */,
				168B6E8A2ECB471D003A1B60 /* Security.framework in Frameworks */,
				168B6E892ECB4714003A1B60 /* ServiceManagement.framework in Frameworks */,
			);
			runOnlyForDeploymentPostprocessing = 0;
		};
/* End PBXFrameworksBuildPhase section */

/* Begin PBXGroup section */
		168B6E822ECB4682003A1B60 /* Frameworks */ = {
			isa = PBXGroup;
			children = (
				168B6E872ECB46A0003A1B60 /* ServiceManagement.framework */,
				168B6E852ECB468E003A1B60 /* Security.framework */,
				168B6E832ECB4682003A1B60 /* IOKit.framework */,
			);
			name = Frameworks;
			sourceTree = "<group>";
		};
		168F562A2ECA014200BD0B16 = {
			isa = PBXGroup;
			children = (
				168F56352ECA014200BD0B16 /* AuraWind */,
				168B6E742ECB4116003A1B60 /* SMCHelper */,
				168B6E822ECB4682003A1B60 /* Frameworks */,
				168F56342ECA014200BD0B16 /* Products */,
			);
			sourceTree = "<group>";
		};
		168F56342ECA014200BD0B16 /* Products */ = {
			isa = PBXGroup;
			children = (
				168F56332ECA014200BD0B16 /* AuraWind.app */,
				168B6E732ECB4116003A1B60 /* com.aurawind.AuraWind.SMCHelper */,
			);
			name = Products;
			sourceTree = "<group>";
		};
/* End PBXGroup section */

/* Begin PBXNativeTarget section */
		168B6E722ECB4116003A1B60 /* SMCHelper */ = {
			isa = PBXNativeTarget;
			buildConfigurationList = 168B6E792ECB4116003A1B60 /* Build configuration list for PBXNativeTarget "SMCHelper" */;
			buildPhases = (
				168B6E6F2ECB4116003A1B60 /* Sources */,
				168B6E702ECB4116003A1B60 /* Frameworks */,
				168B6E712ECB4116003A1B60 /* CopyFiles */,
			);
			buildRules = (
			);
			dependencies = (
			);
			fileSystemSynchronizedGroups = (
				168B6E742ECB4116003A1B60 /* SMCHelper */,
			);
			name = SMCHelper;
			packageProductDependencies = (
			);
			productName = SMCHelper;
			productReference = 168B6E732ECB4116003A1B60 /* com.aurawind.AuraWind.SMCHelper */;
			productType = "com.apple.product-type.tool";
		};
		168F56322ECA014200BD0B16 /* AuraWind */ = {
			isa = PBXNativeTarget;
			buildConfigurationList = 168F563E2ECA014300BD0B16 /* Build configuration list for PBXNativeTarget "AuraWind" */;
			buildPhases = (
				168F562F2ECA014200BD0B16 /* Sources */,
				168F56302ECA014200BD0B16 /* Frameworks */,
				168F56312ECA014200BD0B16 /* Resources */,
				168B6E922ECB4DC7003A1B60 /* CopyFiles */,
			);
			buildRules = (
			);
			dependencies = (
				168B6E912ECB4DAA003A1B60 /* PBXTargetDependency */,
			);
			fileSystemSynchronizedGroups = (
				168F56352ECA014200BD0B16 /* AuraWind */,
			);
			name = AuraWind;
			packageProductDependencies = (
			);
			productName = AuraWind;
			productReference = 168F56332ECA014200BD0B16 /* AuraWind.app */;
			productType = "com.apple.product-type.application";
		};
/* End PBXNativeTarget section */

/* Begin PBXProject section */
		168F562B2ECA014200BD0B16 /* Project object */ = {
			isa = PBXProject;
			attributes = {
				BuildIndependentTargetsInParallel = 1;
				LastSwiftUpdateCheck = 2610;
				LastUpgradeCheck = 2610;
				TargetAttributes = {
					168B6E722ECB4116003A1B60 = {
						CreatedOnToolsVersion = 26.1;
					};
					168F56322ECA014200BD0B16 = {
						CreatedOnToolsVersion = 26.1;
					};
				};
			};
			buildConfigurationList = 168F562E2ECA014200BD0B16 /* Build configuration list for PBXProject "AuraWind" */;
			developmentRegion = en;
			hasScannedForEncodings = 0;
			knownRegions = (
				en,
				Base,
			);
			mainGroup = 168F562A2ECA014200BD0B16;
			minimizedProjectReferenceProxies = 1;
			preferredProjectObjectVersion = 77;
			productRefGroup = 168F56342ECA014200BD0B16 /* Products */;
			projectDirPath = "";
			projectRoot = "";
			targets = (
				168F56322ECA014200BD0B16 /* AuraWind */,
				168B6E722ECB4116003A1B60 /* SMCHelper */,
			);
		};
/* End PBXProject section */

/* Begin PBXResourcesBuildPhase section */
		168F56312ECA014200BD0B16 /* Resources */ = {
			isa = PBXResourcesBuildPhase;
			buildActionMask = 2147483647;
			files = (
			);
			runOnlyForDeploymentPostprocessing = 0;
		};
/* End PBXResourcesBuildPhase section */

/* Begin PBXSourcesBuildPhase section */
		168B6E6F2ECB4116003A1B60 /* Sources */ = {
			isa = PBXSourcesBuildPhase;
			buildActionMask = 2147483647;
			files = (
			);
			runOnlyForDeploymentPostprocessing = 0;
		};
		168F562F2ECA014200BD0B16 /* Sources */ = {
			isa = PBXSourcesBuildPhase;
			buildActionMask = 2147483647;
			files = (
			);
			runOnlyForDeploymentPostprocessing = 0;
		};
/* End PBXSourcesBuildPhase section */

/* Begin PBXTargetDependency section */
		168B6E912ECB4DAA003A1B60 /* PBXTargetDependency */ = {
			isa = PBXTargetDependency;
			target = 168B6E722ECB4116003A1B60 /* SMCHelper */;
			targetProxy = 168B6E902ECB4DAA003A1B60 /* PBXContainerItemProxy */;
		};
/* End PBXTargetDependency section */

/* Begin XCBuildConfiguration section */
		168B6E772ECB4116003A1B60 /* Debug */ = {
			isa = XCBuildConfiguration;
			buildSettings = {
				CODE_SIGN_IDENTITY = "Apple Development: 3374080053@qq.com (74R935FK49)";
				"CODE_SIGN_IDENTITY[sdk=macosx*]" = "-";
				CODE_SIGN_STYLE = Automatic;
				DEVELOPMENT_TEAM = C82H85XBX7;
				ENABLE_HARDENED_RUNTIME = YES;
				INSTALL_PATH = "$(CONTENTS_FOLDER_PATH)/Library/LaunchServices";
				PRODUCT_NAME = com.aurawind.AuraWind.SMCHelper;
				SWIFT_APPROACHABLE_CONCURRENCY = YES;
				SWIFT_UPCOMING_FEATURE_MEMBER_IMPORT_VISIBILITY = YES;
				SWIFT_VERSION = 5.0;
			};
			name = Debug;
		};
		168B6E782ECB4116003A1B60 /* Release */ = {
			isa = XCBuildConfiguration;
			buildSettings = {
				CODE_SIGN_IDENTITY = "Apple Development: 3374080053@qq.com (74R935FK49)";
				"CODE_SIGN_IDENTITY[sdk=macosx*]" = "-";
				CODE_SIGN_STYLE = Automatic;
				DEVELOPMENT_TEAM = C82H85XBX7;
				ENABLE_HARDENED_RUNTIME = YES;
				INSTALL_PATH = "$(CONTENTS_FOLDER_PATH)/Library/LaunchServices";
				PRODUCT_NAME = com.aurawind.AuraWind.SMCHelper;
				SWIFT_APPROACHABLE_CONCURRENCY = YES;
				SWIFT_UPCOMING_FEATURE_MEMBER_IMPORT_VISIBILITY = YES;
				SWIFT_VERSION = 5.0;
			};
			name = Release;
		};
		168F563C2ECA014300BD0B16 /* Debug */ = {
			isa = XCBuildConfiguration;
			buildSettings = {
				ALWAYS_SEARCH_USER_PATHS = NO;
				ASSETCATALOG_COMPILER_GENERATE_SWIFT_ASSET_SYMBOL_EXTENSIONS = YES;
				CLANG_ANALYZER_NONNULL = YES;
				CLANG_ANALYZER_NUMBER_OBJECT_CONVERSION = YES_AGGRESSIVE;
				CLANG_CXX_LANGUAGE_STANDARD = "gnu++20";
				CLANG_ENABLE_MODULES = YES;
				CLANG_ENABLE_OBJC_ARC = YES;
				CLANG_ENABLE_OBJC_WEAK = YES;
				CLANG_WARN_BLOCK_CAPTURE_AUTORELEASING = YES;
				CLANG_WARN_BOOL_CONVERSION = YES;
				CLANG_WARN_COMMA = YES;
				CLANG_WARN_CONSTANT_CONVERSION = YES;
				CLANG_WARN_DEPRECATED_OBJC_IMPLEMENTATIONS = YES;
				CLANG_WARN_DIRECT_OBJC_ISA_USAGE = YES_ERROR;
				CLANG_WARN_DOCUMENTATION_COMMENTS = YES;
				CLANG_WARN_EMPTY_BODY = YES;
				CLANG_WARN_ENUM_CONVERSION = YES;
				CLANG_WARN_INFINITE_RECURSION = YES;
				CLANG_WARN_INT_CONVERSION = YES;
				CLANG_WARN_NON_LITERAL_NULL_CONVERSION = YES;
				CLANG_WARN_OBJC_IMPLICIT_RETAIN_SELF = YES;
				CLANG_WARN_OBJC_LITERAL_CONVERSION = YES;
				CLANG_WARN_OBJC_ROOT_CLASS = YES_ERROR;
				CLANG_WARN_QUOTED_INCLUDE_IN_FRAMEWORK_HEADER = YES;
				CLANG_WARN_RANGE_LOOP_ANALYSIS = YES;
				CLANG_WARN_STRICT_PROTOTYPES = YES;
				CLANG_WARN_SUSPICIOUS_MOVE = YES;
				CLANG_WARN_UNGUARDED_AVAILABILITY = YES_AGGRESSIVE;
				CLANG_WARN_UNREACHABLE_CODE = YES;
				CLANG_WARN__DUPLICATE_METHOD_MATCH = YES;
				COPY_PHASE_STRIP = NO;
				DEBUG_INFORMATION_FORMAT = dwarf;
				ENABLE_STRICT_OBJC_MSGSEND = YES;
				ENABLE_TESTABILITY = YES;
				ENABLE_USER_SCRIPT_SANDBOXING = YES;
				GCC_C_LANGUAGE_STANDARD = gnu17;
				GCC_DYNAMIC_NO_PIC = NO;
				GCC_NO_COMMON_BLOCKS = YES;
				GCC_OPTIMIZATION_LEVEL = 0;
				GCC_PREPROCESSOR_DEFINITIONS = (
					"DEBUG=1",
					"$(inherited)",
				);
				GCC_WARN_64_TO_32_BIT_CONVERSION = YES;
				GCC_WARN_ABOUT_RETURN_TYPE = YES_ERROR;
				GCC_WARN_UNDECLARED_SELECTOR = YES;
				GCC_WARN_UNINITIALIZED_AUTOS = YES_AGGRESSIVE;
				GCC_WARN_UNUSED_FUNCTION = YES;
				GCC_WARN_UNUSED_VARIABLE = YES;
				LOCALIZATION_PREFERS_STRING_CATALOGS = YES;
				MACOSX_DEPLOYMENT_TARGET = 15.6;
				MTL_ENABLE_DEBUG_INFO = INCLUDE_SOURCE;
				MTL_FAST_MATH = YES;
				ONLY_ACTIVE_ARCH = YES;
				SDKROOT = macosx;
				SWIFT_ACTIVE_COMPILATION_CONDITIONS = "DEBUG $(inherited)";
				SWIFT_OPTIMIZATION_LEVEL = "-Onone";
			};
			name = Debug;
		};
		168F563D2ECA014300BD0B16 /* Release */ = {
			isa = XCBuildConfiguration;
			buildSettings = {
				ALWAYS_SEARCH_USER_PATHS = NO;
				ASSETCATALOG_COMPILER_GENERATE_SWIFT_ASSET_SYMBOL_EXTENSIONS = YES;
				CLANG_ANALYZER_NONNULL = YES;
				CLANG_ANALYZER_NUMBER_OBJECT_CONVERSION = YES_AGGRESSIVE;
				CLANG_CXX_LANGUAGE_STANDARD = "gnu++20";
				CLANG_ENABLE_MODULES = YES;
				CLANG_ENABLE_OBJC_ARC = YES;
				CLANG_ENABLE_OBJC_WEAK = YES;
				CLANG_WARN_BLOCK_CAPTURE_AUTORELEASING = YES;
				CLANG_WARN_BOOL_CONVERSION = YES;
				CLANG_WARN_COMMA = YES;
				CLANG_WARN_CONSTANT_CONVERSION = YES;
				CLANG_WARN_DEPRECATED_OBJC_IMPLEMENTATIONS = YES;
				CLANG_WARN_DIRECT_OBJC_ISA_USAGE = YES_ERROR;
				CLANG_WARN_DOCUMENTATION_COMMENTS = YES;
				CLANG_WARN_EMPTY_BODY = YES;
				CLANG_WARN_ENUM_CONVERSION = YES;
				CLANG_WARN_INFINITE_RECURSION = YES;
				CLANG_WARN_INT_CONVERSION = YES;
				CLANG_WARN_NON_LITERAL_NULL_CONVERSION = YES;
				CLANG_WARN_OBJC_IMPLICIT_RETAIN_SELF = YES;
				CLANG_WARN_OBJC_LITERAL_CONVERSION = YES;
				CLANG_WARN_OBJC_ROOT_CLASS = YES_ERROR;
				CLANG_WARN_QUOTED_INCLUDE_IN_FRAMEWORK_HEADER = YES;
				CLANG_WARN_RANGE_LOOP_ANALYSIS = YES;
				CLANG_WARN_STRICT_PROTOTYPES = YES;
				CLANG_WARN_SUSPICIOUS_MOVE = YES;
				CLANG_WARN_UNGUARDED_AVAILABILITY = YES_AGGRESSIVE;
				CLANG_WARN_UNREACHABLE_CODE = YES;
				CLANG_WARN__DUPLICATE_METHOD_MATCH = YES;
				COPY_PHASE_STRIP = NO;
				DEBUG_INFORMATION_FORMAT = "dwarf-with-dsym";
				ENABLE_NS_ASSERTIONS = NO;
				ENABLE_STRICT_OBJC_MSGSEND = YES;
				ENABLE_USER_SCRIPT_SANDBOXING = YES;
				GCC_C_LANGUAGE_STANDARD = gnu17;
				GCC_NO_COMMON_BLOCKS = YES;
				GCC_WARN_64_TO_32_BIT_CONVERSION = YES;
				GCC_WARN_ABOUT_RETURN_TYPE = YES_ERROR;
				GCC_WARN_UNDECLARED_SELECTOR = YES;
				GCC_WARN_UNINITIALIZED_AUTOS = YES_AGGRESSIVE;
				GCC_WARN_UNUSED_FUNCTION = YES;
				GCC_WARN_UNUSED_VARIABLE = YES;
				LOCALIZATION_PREFERS_STRING_CATALOGS = YES;
				MACOSX_DEPLOYMENT_TARGET = 15.6;
				MTL_ENABLE_DEBUG_INFO = NO;
				MTL_FAST_MATH = YES;
				SDKROOT = macosx;
				SWIFT_COMPILATION_MODE = wholemodule;
			};
			name = Release;
		};
		168F563F2ECA014300BD0B16 /* Debug */ = {
			isa = XCBuildConfiguration;
			buildSettings = {
				ASSETCATALOG_COMPILER_APPICON_NAME = AppIcon;
				ASSETCATALOG_COMPILER_GLOBAL_ACCENT_COLOR_NAME = AccentColor;
				CODE_SIGN_STYLE = Automatic;
				COMBINE_HIDPI_IMAGES = YES;
				CURRENT_PROJECT_VERSION = 1;
				ENABLE_APP_SANDBOX = YES;
				ENABLE_PREVIEWS = YES;
				ENABLE_USER_SELECTED_FILES = readonly;
				GENERATE_INFOPLIST_FILE = YES;
				INFOPLIST_KEY_NSHumanReadableCopyright = "";
				LD_RUNPATH_SEARCH_PATHS = (
					"$(inherited)",
					"@executable_path/../Frameworks",
				);
				MARKETING_VERSION = 1.0;
				PRODUCT_BUNDLE_IDENTIFIER = com.lingfeng.AuraWind.AuraWind;
				PRODUCT_NAME = "$(TARGET_NAME)";
				REGISTER_APP_GROUPS = YES;
				STRING_CATALOG_GENERATE_SYMBOLS = YES;
				SWIFT_APPROACHABLE_CONCURRENCY = YES;
				SWIFT_DEFAULT_ACTOR_ISOLATION = MainActor;
				SWIFT_EMIT_LOC_STRINGS = YES;
				SWIFT_UPCOMING_FEATURE_MEMBER_IMPORT_VISIBILITY = YES;
				SWIFT_VERSION = 5.0;
			};
			name = Debug;
		};
		168F56402ECA014300BD0B16 /* Release */ = {
			isa = XCBuildConfiguration;
			buildSettings = {
				ASSETCATALOG_COMPILER_APPICON_NAME = AppIcon;
				ASSETCATALOG_COMPILER_GLOBAL_ACCENT_COLOR_NAME = AccentColor;
				CODE_SIGN_STYLE = Automatic;
				COMBINE_HIDPI_IMAGES = YES;
				CURRENT_PROJECT_VERSION = 1;
				ENABLE_APP_SANDBOX = YES;
				ENABLE_PREVIEWS = YES;
				ENABLE_USER_SELECTED_FILES = readonly;
				GENERATE_INFOPLIST_FILE = YES;
				INFOPLIST_KEY_NSHumanReadableCopyright = "";
				LD_RUNPATH_SEARCH_PATHS = (
					"$(inherited)",
					"@executable_path/../Frameworks",
				);
				MARKETING_VERSION = 1.0;
				PRODUCT_BUNDLE_IDENTIFIER = com.lingfeng.AuraWind.AuraWind;
				PRODUCT_NAME = "$(TARGET_NAME)";
				REGISTER_APP_GROUPS = YES;
				STRING_CATALOG_GENERATE_SYMBOLS = YES;
				SWIFT_APPROACHABLE_CONCURRENCY = YES;
				SWIFT_DEFAULT_ACTOR_ISOLATION = MainActor;
				SWIFT_EMIT_LOC_STRINGS = YES;
				SWIFT_UPCOMING_FEATURE_MEMBER_IMPORT_VISIBILITY = YES;
				SWIFT_VERSION = 5.0;
			};
			name = Release;
		};
/* End XCBuildConfiguration section */

/* Begin XCConfigurationList section */
		168B6E792ECB4116003A1B60 /* Build configuration list for PBXNativeTarget "SMCHelper" */ = {
			isa = XCConfigurationList;
			buildConfigurations = (
				168B6E772ECB4116003A1B60 /* Debug */,
				168B6E782ECB4116003A1B60 /* Release */,
			);
			defaultConfigurationIsVisible = 0;
			defaultConfigurationName = Release;
		};
		168F562E2ECA014200BD0B16 /* Build configuration list for PBXProject "AuraWind" */ = {
			isa = XCConfigurationList;
			buildConfigurations = (
				168F563C2ECA014300BD0B16 /* Debug */,
				168F563D2ECA014300BD0B16 /* Release */,
			);
			defaultConfigurationIsVisible = 0;
			defaultConfigurationName = Release;
		};
		168F563E2ECA014300BD0B16 /* Build configuration list for PBXNativeTarget "AuraWind" */ = {
			isa = XCConfigurationList;
			buildConfigurations = (
				168F563F2ECA014300BD0B16 /* Debug */,
				168F56402ECA014300BD0B16 /* Release */,
			);
			defaultConfigurationIsVisible = 0;
			defaultConfigurationName = Release;
		};
/* End XCConfigurationList section */
	};
	rootObject = 168F562B2ECA014200BD0B16 /* Project object */;
}
